# THIS IS AN AUTOGENERATED FILE. DO NOT EDIT THIS FILE DIRECTLY.
# yarn lockfile v1


"@chakra-ui/icon@2.0.5":
  version "2.0.5"
  resolved "https://registry.yarnpkg.com/@chakra-ui/icon/-/icon-2.0.5.tgz#d57f53e6a2c7ae1bae7292a1778fd466c02e2e29"
  integrity sha512-ZrqRvCCIxGr4qFd/r1pmtd9tobRmv8KAxV7ygFoc/t4vOSKTcVIjhE12gsI3FzgvXM15ZFVwsxa1zodwgo5neQ==
  dependencies:
    "@chakra-ui/utils" "1.10.4"

"@chakra-ui/icons@^1.1.7":
  version "1.1.7"
  resolved "https://registry.yarnpkg.com/@chakra-ui/icons/-/icons-1.1.7.tgz#f8c0c44a969c8654b90026b7d375b550c4bfbc49"
  integrity sha512-YIHxey/B4M2PyFASlHXtAWFyW+tsAtGAChOJ8dsM2kpu1MbVUqm/6nMI1KIFd7Te5IWuNYA75rAHBdLI0Yu61A==
  dependencies:
    "@chakra-ui/icon" "2.0.5"
    "@types/react" "^17.0.15"

"@chakra-ui/utils@1.10.4":
  version "1.10.4"
  resolved "https://registry.yarnpkg.com/@chakra-ui/utils/-/utils-1.10.4.tgz#40a32d4efd8684b2e7432a40b285796383eacfd3"
  integrity sha512-AM91VQQxw8F4F1WDA28mqKY6NFIOuzc2Ekkna88imy2OiqqmYH0xkq8J16L2qj4cLiLozpYqba3C79pWioy6FA==
  dependencies:
    "@types/lodash.mergewith" "4.6.6"
    css-box-model "1.2.1"
    framesync "5.3.0"
    lodash.mergewith "4.6.2"

"@types/lodash.mergewith@4.6.6":
  version "4.6.6"
  resolved "https://registry.yarnpkg.com/@types/lodash.mergewith/-/lodash.mergewith-4.6.6.tgz#c4698f5b214a433ff35cb2c75ee6ec7f99d79f10"
  integrity sha512-RY/8IaVENjG19rxTZu9Nukqh0W2UrYgmBj5sdns4hWRZaV8PqR7wIKHFKzvOTjo4zVRV7sVI+yFhAJql12Kfqg==
  dependencies:
    "@types/lodash" "*"

"@types/lodash@*":
  version "4.14.182"
  resolved "https://registry.yarnpkg.com/@types/lodash/-/lodash-4.14.182.tgz#05301a4d5e62963227eaafe0ce04dd77c54ea5c2"
  integrity sha512-/THyiqyQAP9AfARo4pF+aCGcyiQ94tX/Is2I7HofNRqoYLgN1PBoOWu2/zTA5zMxzP5EFutMtWtGAFRKUe961Q==

"@types/prop-types@*":
  version "15.7.5"
  resolved "https://registry.yarnpkg.com/@types/prop-types/-/prop-types-15.7.5.tgz#5f19d2b85a98e9558036f6a3cacc8819420f05cf"
  integrity sha512-JCB8C6SnDoQf0cNycqd/35A7MjcnK+ZTqE7judS6o7utxUCg6imJg3QK2qzHKszlTjcj2cn+NwMB2i96ubpj7w==

"@types/react@^17.0.15":
  version "17.0.45"
  resolved "https://registry.yarnpkg.com/@types/react/-/react-17.0.45.tgz#9b3d5b661fd26365fefef0e766a1c6c30ccf7b3f"
  integrity sha512-YfhQ22Lah2e3CHPsb93tRwIGNiSwkuz1/blk4e6QrWS0jQzCSNbGLtOEYhPg02W0yGTTmpajp7dCTbBAMN3qsg==
  dependencies:
    "@types/prop-types" "*"
    "@types/scheduler" "*"
    csstype "^3.0.2"

"@types/scheduler@*":
  version "0.16.2"
  resolved "https://registry.yarnpkg.com/@types/scheduler/-/scheduler-0.16.2.tgz#1a62f89525723dde24ba1b01b092bf5df8ad4d39"
  integrity sha512-hppQEBDmlwhFAXKJX2KnWLYu5yMfi91yazPb2l+lbJiwW+wdo1gNeRA+3RgNSO39WYX2euey41KEwnqesU2Jew==

css-box-model@1.2.1:
  version "1.2.1"
  resolved "https://registry.yarnpkg.com/css-box-model/-/css-box-model-1.2.1.tgz#59951d3b81fd6b2074a62d49444415b0d2b4d7c1"
  integrity sha512-a7Vr4Q/kd/aw96bnJG332W9V9LkJO69JRcaCYDUqjp6/z0w6VcZjgAcTbgFxEPfBgdnAwlh3iwu+hLopa+flJw==
  dependencies:
    tiny-invariant "^1.0.6"

csstype@^3.0.2:
  version "3.0.11"
  resolved "https://registry.yarnpkg.com/csstype/-/csstype-3.0.11.tgz#d66700c5eacfac1940deb4e3ee5642792d85cd33"
  integrity sha512-sa6P2wJ+CAbgyy4KFssIb/JNMLxFvKF1pCYCSXS8ZMuqZnMsrxqI2E5sPyoTpxoPU/gVZMzr2zjOfg8GIZOMsw==

framesync@5.3.0:
  version "5.3.0"
  resolved "https://registry.yarnpkg.com/framesync/-/framesync-5.3.0.tgz#0ecfc955e8f5a6ddc8fdb0cc024070947e1a0d9b"
  integrity sha512-oc5m68HDO/tuK2blj7ZcdEBRx3p1PjrgHazL8GYEpvULhrtGIFbQArN6cQS2QhW8mitffaB+VYzMjDqBxxQeoA==
  dependencies:
    tslib "^2.1.0"

lodash.mergewith@4.6.2:
  version "4.6.2"
  resolved "https://registry.yarnpkg.com/lodash.mergewith/-/lodash.mergewith-4.6.2.tgz#617121f89ac55f59047c7aec1ccd6654c6590f55"
  integrity sha512-GK3g5RPZWTRSeLSpgP8Xhra+pnjBC56q9FZYe1d5RN3TJ35dbkGy3YqBSMbyCrlbi+CM9Z3Jk5yTL7RCsqboyQ==

tiny-invariant@^1.0.6:
  version "1.2.0"
  resolved "https://registry.yarnpkg.com/tiny-invariant/-/tiny-invariant-1.2.0.tgz#a1141f86b672a9148c72e978a19a73b9b94a15a9"
  integrity sha512-1Uhn/aqw5C6RI4KejVeTg6mIS7IqxnLJ8Mv2tV5rTc0qWobay7pDUz6Wi392Cnc8ak1H0F2cjoRzb2/AW4+Fvg==

tslib@^2.1.0:
  version "2.4.0"
  resolved "https://registry.yarnpkg.com/tslib/-/tslib-2.4.0.tgz#7cecaa7f073ce680a05847aa77be941098f36dc3"
  integrity sha512-d6xOpEDfsi2CZVlPQzGeux8XMwLT9hssAsaPYExaQMuYskwb+x1x7J371tWlbBdWHroy99KnVB6qIkUbs5X3UQ==
